
Microsoft Visual Studio Solution File, Format Version 12.00
# Visual Studio Version 16
VisualStudioVersion = 16.0.29102.190
MinimumVisualStudioVersion = 10.0.40219.1
Project("{FAE04EC0-301F-11D3-BF4B-00C04F79EFBC}") = "UnitTestProject1", "UnitTestProject1\UnitTestProject1.csproj", "{408885AA-A1EE-4982-8923-8B599B04D73B}"
EndProject
Global
	GlobalSection(SolutionConfigurationPlatforms) = preSolution
		Debug|Any CPU = Debug|Any CPU
		Release|Any CPU = Release|Any CPU
	EndGlobalSection
	GlobalSection(ProjectConfigurationPlatforms) = postSolution
		{408885AA-A1EE-4982-8923-8B599B04D73B}.Debug|Any CPU.ActiveCfg = Debug|Any CPU
		{408885AA-A1EE-4982-8923-8B599B04D73B}.Debug|Any CPU.Build.0 = Debug|Any CPU
		{408885AA-A1EE-4982-8923-8B599B04D73B}.Release|Any CPU.ActiveCfg = Release|Any CPU
		{408885AA-A1EE-4982-8923-8B599B04D73B}.Release|Any CPU.Build.0 = Release|Any CPU
	EndGlobalSection
	GlobalSection(SolutionProperties) = preSolution
		HideSolutionNode = FALSE
	EndGlobalSection
	GlobalSection(ExtensibilityGlobals) = postSolution
		SolutionGuid = {80036F08-8F32-4C86-9C26-8C5DF5DBDD0D}
	EndGlobalSection
EndGlobal
